
Microsoft Visual Studio Solution File, Format Version 12.00
# Visual Studio Version 17
VisualStudioVersion = 17.4.33213.308
MinimumVisualStudioVersion = 10.0.40219.1
Project("{9A19103F-16F7-4668-BE54-9A1E7A4F7556}") = "CakesByVern-Data", "CakesByVern-Data\CakesByVern-Data.csproj", "{12EF8071-CDA6-44B9-9D97-9DCC1719A371}"
EndProject
Project("{9A19103F-16F7-4668-BE54-9A1E7A4F7556}") = "CakesByVern-ASP_NET_WEB", "CakesByVern-ASP_NET_WEB\CakesByVern-ASP_NET_WEB.csproj", "{AA10C6B6-DD9B-412C-A15A-E97E13ED2942}"
	ProjectSection(ProjectDependencies) = postProject
		{12EF8071-CDA6-44B9-9D97-9DCC1719A371} = {12EF8071-CDA6-44B9-9D97-9DCC1719A371}
	EndProjectSection
EndProject
Global
	GlobalSection(SolutionConfigurationPlatforms) = preSolution
		Debug|Any CPU = Debug|Any CPU
		Release|Any CPU = Release|Any CPU
	EndGlobalSection
	GlobalSection(ProjectConfigurationPlatforms) = postSolution
		{12EF8071-CDA6-44B9-9D97-9DCC1719A371}.Debug|Any CPU.ActiveCfg = Debug|Any CPU
		{12EF8071-CDA6-44B9-9D97-9DCC1719A371}.Debug|Any CPU.Build.0 = Debug|Any CPU
		{12EF8071-CDA6-44B9-9D97-9DCC1719A371}.Release|Any CPU.ActiveCfg = Release|Any CPU
		{12EF8071-CDA6-44B9-9D97-9DCC1719A371}.Release|Any CPU.Build.0 = Release|Any CPU
		{AA10C6B6-DD9B-412C-A15A-E97E13ED2942}.Debug|Any CPU.ActiveCfg = Debug|Any CPU
		{AA10C6B6-DD9B-412C-A15A-E97E13ED2942}.Debug|Any CPU.Build.0 = Debug|Any CPU
		{AA10C6B6-DD9B-412C-A15A-E97E13ED2942}.Release|Any CPU.ActiveCfg = Release|Any CPU
		{AA10C6B6-DD9B-412C-A15A-E97E13ED2942}.Release|Any CPU.Build.0 = Release|Any CPU
	EndGlobalSection
	GlobalSection(SolutionProperties) = preSolution
		HideSolutionNode = FALSE
	EndGlobalSection
	GlobalSection(ExtensibilityGlobals) = postSolution
		SolutionGuid = {62250772-4890-4696-8EA8-DCD3704C1A17}
	EndGlobalSection
EndGlobal
