
Microsoft Visual Studio Solution File, Format Version 12.00
# Visual Studio Version 17
VisualStudioVersion = 17.4.33213.308
MinimumVisualStudioVersion = 10.0.40219.1
Project("{FAE04EC0-301F-11D3-BF4B-00C04F79EFBC}") = "CakesByVern-ASP_NET", "CakesByVern-ASP_NET\CakesByVern-ASP_NET.csproj", "{89DFCEE4-96E7-460F-9CBA-7C0A66DC7F0E}"
EndProject
Project("{FAE04EC0-301F-11D3-BF4B-00C04F79EFBC}") = "CakesByVern-Data", "CakesByVern-Data\CakesByVern-Data.csproj", "{12EF8071-CDA6-44B9-9D97-9DCC1719A371}"
EndProject
Global
	GlobalSection(SolutionConfigurationPlatforms) = preSolution
		Debug|Any CPU = Debug|Any CPU
		Release|Any CPU = Release|Any CPU
	EndGlobalSection
	GlobalSection(ProjectConfigurationPlatforms) = postSolution
		{89DFCEE4-96E7-460F-9CBA-7C0A66DC7F0E}.Debug|Any CPU.ActiveCfg = Debug|Any CPU
		{89DFCEE4-96E7-460F-9CBA-7C0A66DC7F0E}.Debug|Any CPU.Build.0 = Debug|Any CPU
		{89DFCEE4-96E7-460F-9CBA-7C0A66DC7F0E}.Release|Any CPU.ActiveCfg = Release|Any CPU
		{89DFCEE4-96E7-460F-9CBA-7C0A66DC7F0E}.Release|Any CPU.Build.0 = Release|Any CPU
		{12EF8071-CDA6-44B9-9D97-9DCC1719A371}.Debug|Any CPU.ActiveCfg = Debug|Any CPU
		{12EF8071-CDA6-44B9-9D97-9DCC1719A371}.Debug|Any CPU.Build.0 = Debug|Any CPU
		{12EF8071-CDA6-44B9-9D97-9DCC1719A371}.Release|Any CPU.ActiveCfg = Release|Any CPU
		{12EF8071-CDA6-44B9-9D97-9DCC1719A371}.Release|Any CPU.Build.0 = Release|Any CPU
	EndGlobalSection
	GlobalSection(SolutionProperties) = preSolution
		HideSolutionNode = FALSE
	EndGlobalSection
	GlobalSection(ExtensibilityGlobals) = postSolution
		SolutionGuid = {62250772-4890-4696-8EA8-DCD3704C1A17}
	EndGlobalSection
EndGlobal
